{
    "_meta": {
        "hash": {
            "sha256": "2dbd4d12163ab32e86faf2c60f77b88b8ce906b49039bd824940f91541f00927"
        },
        "pipfile-spec": 6,
        "requires": {
            "python_version": "3.7"
        },
        "sources": [
            {
                "name": "pypi",
                "url": "https://pypi.org/simple",
                "verify_ssl": true
            }
        ]
    },
    "default": {
        "django": {
            "hashes": [
                "sha256:3eb25c99df1523446ec2dc1b00e25eb2ecbdf42c9d8b0b8b32a204a8db9011f8",
                "sha256:69ff89fa3c3a8337015478a1a0744f52a9fef5d12c1efa01a01f99bcce9bf10c"
            ],
            "index": "pypi",
            "version": "==2.0.6"
        },
        "django-filter": {
            "hashes": [
                "sha256:00cc47935afbbd83260fdd283b0aa790e658d2a71922049f6e467dca8a124537",
                "sha256:7d17547b65216cc5c6fbc04aee55088ccd5917c0775304d96f7017c26c789cd7"
            ],
            "index": "pypi",
            "version": "==0.11.0"
        },
        "djangorestframework": {
            "hashes": [
                "sha256:9becb997f39b200022a6ae64e17c8fe733c3ddc7269fa6778122bddf3733060b",
                "sha256:aceea344117d322cfda13a67627eecf164776f9b690622083ed924f6e137601a"
            ],
            "index": "pypi",
            "version": "==3.3.1"
        },
        "pytz": {
            "hashes": [
                "sha256:32b0891edff07e28efe91284ed9c31e123d84bea3fd98e1f72be2508f43ef8d9",
                "sha256:d5f05e487007e29e03409f9398d074e158d920d36eb82eaf66fb1136b0c5374c"
            ],
            "version": "==2018.9"
        }
    },
    "develop": {}
}
